# This file is automatically @generated by Cargo.
# It is not intended for manual editing.
version = 4

[[package]]
name = "ezim-capi"
version = "0.1.0"
dependencies = [
 "ezim-core",
 "ezim-session",
]

[[package]]
name = "ezim-cli"
version = "0.1.0"
dependencies = [
 "ezim-core",
]

[[package]]
name = "ezim-core"
version = "0.1.0"

[[package]]
name = "ezim-session"
version = "0.1.0"
dependencies = [
 "ezim-core",
]

[[package]]
name = "ezim-table-builder"
version = "0.1.0"
dependencies = [
 "ezim-core",
]
